// !$*UTF8*$!
{
	archiveVersion = 1;
	classes = {
	};
	objectVersion = 55;
	objects = {

/* Begin PBXBuildFile section */
		96FD40DA278DC9FA00121756 /* AppDelegate.swift in Sources */ = {isa = PBXBuildFile; fileRef = 96FD40D9278DC9FA00121756 /* AppDelegate.swift */; };
		96FD40DC278DC9FA00121756 /* GameViewController.swift in Sources */ = {isa = PBXBuildFile; fileRef = 96FD40DB278DC9FA00121756 /* GameViewController.swift */; };
		96FD40DF278DC9FA00121756 /* Main.storyboard in Resources */ = {isa = PBXBuildFile; fileRef = 96FD40DD278DC9FA00121756 /* Main.storyboard */; };
		96FD40E1278DC9FA00121756 /* Experience.rcproject in Sources */ = {isa = PBXBuildFile; fileRef = 96FD40E0278DC9FA00121756 /* Experience.rcproject */; };
		96FD40E3278DC9FE00121756 /* Assets.xcassets in Resources */ = {isa = PBXBuildFile; fileRef = 96FD40E2278DC9FE00121756 /* Assets.xcassets */; };
		96FD40E6278DC9FE00121756 /* LaunchScreen.storyboard in Resources */ = {isa = PBXBuildFile; fileRef = 96FD40E4278DC9FE00121756 /* LaunchScreen.storyboard */; };
		96FD40F0278DC9FF00121756 /* FirstGameTests.swift in Sources */ = {isa = PBXBuildFile; fileRef = 96FD40EF278DC9FF00121756 /* FirstGameTests.swift */; };
		96FD40FA278DC9FF00121756 /* FirstGameUITests.swift in Sources */ = {isa = PBXBuildFile; fileRef = 96FD40F9278DC9FF00121756 /* FirstGameUITests.swift */; };
		96FD40FC278DC9FF00121756 /* FirstGameUITestsLaunchTests.swift in Sources */ = {isa = PBXBuildFile; fileRef = 96FD40FB278DC9FF00121756 /* FirstGameUITestsLaunchTests.swift */; };
/* End PBXBuildFile section */

/* Begin PBXContainerItemProxy section */
		96FD40EC278DC9FF00121756 /* PBXContainerItemProxy */ = {
			isa = PBXContainerItemProxy;
			containerPortal = 96FD40CE278DC9FA00121756 /* Project object */;
			proxyType = 1;
			remoteGlobalIDString = 96FD40D5278DC9FA00121756;
			remoteInfo = FirstGame;
		};
		96FD40F6278DC9FF00121756 /* PBXContainerItemProxy */ = {
			isa = PBXContainerItemProxy;
			containerPortal = 96FD40CE278DC9FA00121756 /* Project object */;
			proxyType = 1;
			remoteGlobalIDString = 96FD40D5278DC9FA00121756;
			remoteInfo = FirstGame;
		};
/* End PBXContainerItemProxy section */

/* Begin PBXFileReference section */
		96340B69278E62DA004AED40 /* en */ = {isa = PBXFileReference; lastKnownFileType = text.plist.strings; name = en; path = en.lproj/LaunchScreen.strings; sourceTree = "<group>"; };
		96FD40D6278DC9FA00121756 /* FirstGame.app */ = {isa = PBXFileReference; explicitFileType = wrapper.application; includeInIndex = 0; path = FirstGame.app; sourceTree = BUILT_PRODUCTS_DIR; };
		96FD40D9278DC9FA00121756 /* AppDelegate.swift */ = {isa = PBXFileReference; lastKnownFileType = sourcecode.swift; path = AppDelegate.swift; sourceTree = "<group>"; };
		96FD40DB278DC9FA00121756 /* GameViewController.swift */ = {isa = PBXFileReference; lastKnownFileType = sourcecode.swift; path = GameViewController.swift; sourceTree = "<group>"; };
		96FD40DE278DC9FA00121756 /* Base */ = {isa = PBXFileReference; lastKnownFileType = file.storyboard; name = Base; path = Base.lproj/Main.storyboard; sourceTree = "<group>"; };
		96FD40E0278DC9FA00121756 /* Experience.rcproject */ = {isa = PBXFileReference; lastKnownFileType = file.rcproject; path = Experience.rcproject; sourceTree = "<group>"; };
		96FD40E2278DC9FE00121756 /* Assets.xcassets */ = {isa = PBXFileReference; lastKnownFileType = folder.assetcatalog; path = Assets.xcassets; sourceTree = "<group>"; };
		96FD40E5278DC9FE00121756 /* Base */ = {isa = PBXFileReference; explicitFileType = text.html; name = Base; path = Base.lproj/LaunchScreen.storyboard; sourceTree = "<group>"; };
		96FD40EB278DC9FF00121756 /* FirstGameTests.xctest */ = {isa = PBXFileReference; explicitFileType = wrapper.cfbundle; includeInIndex = 0; path = FirstGameTests.xctest; sourceTree = BUILT_PRODUCTS_DIR; };
		96FD40EF278DC9FF00121756 /* FirstGameTests.swift */ = {isa = PBXFileReference; lastKnownFileType = sourcecode.swift; path = FirstGameTests.swift; sourceTree = "<group>"; };
		96FD40F5278DC9FF00121756 /* FirstGameUITests.xctest */ = {isa = PBXFileReference; explicitFileType = wrapper.cfbundle; includeInIndex = 0; path = FirstGameUITests.xctest; sourceTree = BUILT_PRODUCTS_DIR; };
		96FD40F9278DC9FF00121756 /* FirstGameUITests.swift */ = {isa = PBXFileReference; lastKnownFileType = sourcecode.swift; path = FirstGameUITests.swift; sourceTree = "<group>"; };
		96FD40FB278DC9FF00121756 /* FirstGameUITestsLaunchTests.swift */ = {isa = PBXFileReference; lastKnownFileType = sourcecode.swift; path = FirstGameUITestsLaunchTests.swift; sourceTree = "<group>"; };
		96FD4108278DCA2300121756 /* Info.plist */ = {isa = PBXFileReference; lastKnownFileType = text.plist; path = Info.plist; sourceTree = "<group>"; };
/* End PBXFileReference section */

/* Begin PBXFrameworksBuildPhase section */
		96FD40D3278DC9FA00121756 /* Frameworks */ = {
			isa = PBXFrameworksBuildPhase;
			buildActionMask = 2147483647;
			files = (
			);
			runOnlyForDeploymentPostprocessing = 0;
		};
		96FD40E8278DC9FF00121756 /* Frameworks */ = {
			isa = PBXFrameworksBuildPhase;
			buildActionMask = 2147483647;
			files = (
			);
			runOnlyForDeploymentPostprocessing = 0;
		};
		96FD40F2278DC9FF00121756 /* Frameworks */ = {
			isa = PBXFrameworksBuildPhase;
			buildActionMask = 2147483647;
			files = (
			);
			runOnlyForDeploymentPostprocessing = 0;
		};
/* End PBXFrameworksBuildPhase section */

/* Begin PBXGroup section */
		96FD40CD278DC9FA00121756 = {
			isa = PBXGroup;
			children = (
				96FD40D8278DC9FA00121756 /* FirstGame */,
				96FD40EE278DC9FF00121756 /* FirstGameTests */,
				96FD40F8278DC9FF00121756 /* FirstGameUITests */,
				96FD40D7278DC9FA00121756 /* Products */,
			);
			sourceTree = "<group>";
		};
		96FD40D7278DC9FA00121756 /* Products */ = {
			isa = PBXGroup;
			children = (
				96FD40D6278DC9FA00121756 /* FirstGame.app */,
				96FD40EB278DC9FF00121756 /* FirstGameTests.xctest */,
				96FD40F5278DC9FF00121756 /* FirstGameUITests.xctest */,
			);
			name = Products;
			sourceTree = "<group>";
		};
		96FD40D8278DC9FA00121756 /* FirstGame */ = {
			isa = PBXGroup;
			children = (
				96FD4108278DCA2300121756 /* Info.plist */,
				96FD40D9278DC9FA00121756 /* AppDelegate.swift */,
				96FD40DB278DC9FA00121756 /* GameViewController.swift */,
				96FD40DD278DC9FA00121756 /* Main.storyboard */,
				96FD40E0278DC9FA00121756 /* Experience.rcproject */,
				96FD40E2278DC9FE00121756 /* Assets.xcassets */,
				96FD40E4278DC9FE00121756 /* LaunchScreen.storyboard */,
			);
			path = FirstGame;
			sourceTree = "<group>";
		};
		96FD40EE278DC9FF00121756 /* FirstGameTests */ = {
			isa = PBXGroup;
			children = (
				96FD40EF278DC9FF00121756 /* FirstGameTests.swift */,
			);
			path = FirstGameTests;
			sourceTree = "<group>";
		};
		96FD40F8278DC9FF00121756 /* FirstGameUITests */ = {
			isa = PBXGroup;
			children = (
				96FD40F9278DC9FF00121756 /* FirstGameUITests.swift */,
				96FD40FB278DC9FF00121756 /* FirstGameUITestsLaunchTests.swift */,
			);
			path = FirstGameUITests;
			sourceTree = "<group>";
		};
/* End PBXGroup section */

/* Begin PBXNativeTarget section */
		96FD40D5278DC9FA00121756 /* FirstGame */ = {
			isa = PBXNativeTarget;
			buildConfigurationList = 96FD40FF278DC9FF00121756 /* Build configuration list for PBXNativeTarget "FirstGame" */;
			buildPhases = (
				96FD40D2278DC9FA00121756 /* Sources */,
				96FD40D3278DC9FA00121756 /* Frameworks */,
				96FD40D4278DC9FA00121756 /* Resources */,
			);
			buildRules = (
			);
			dependencies = (
			);
			name = FirstGame;
			productName = FirstGame;
			productReference = 96FD40D6278DC9FA00121756 /* FirstGame.app */;
			productType = "com.apple.product-type.application";
		};
		96FD40EA278DC9FF00121756 /* FirstGameTests */ = {
			isa = PBXNativeTarget;
			buildConfigurationList = 96FD4102278DC9FF00121756 /* Build configuration list for PBXNativeTarget "FirstGameTests" */;
			buildPhases = (
				96FD40E7278DC9FF00121756 /* Sources */,
				96FD40E8278DC9FF00121756 /* Frameworks */,
				96FD40E9278DC9FF00121756 /* Resources */,
			);
			buildRules = (
			);
			dependencies = (
				96FD40ED278DC9FF00121756 /* PBXTargetDependency */,
			);
			name = FirstGameTests;
			productName = FirstGameTests;
			productReference = 96FD40EB278DC9FF00121756 /* FirstGameTests.xctest */;
			productType = "com.apple.product-type.bundle.unit-test";
		};
		96FD40F4278DC9FF00121756 /* FirstGameUITests */ = {
			isa = PBXNativeTarget;
			buildConfigurationList = 96FD4105278DC9FF00121756 /* Build configuration list for PBXNativeTarget "FirstGameUITests" */;
			buildPhases = (
				96FD40F1278DC9FF00121756 /* Sources */,
				96FD40F2278DC9FF00121756 /* Frameworks */,
				96FD40F3278DC9FF00121756 /* Resources */,
			);
			buildRules = (
			);
			dependencies = (
				96FD40F7278DC9FF00121756 /* PBXTargetDependency */,
			);
			name = FirstGameUITests;
			productName = FirstGameUITests;
			productReference = 96FD40F5278DC9FF00121756 /* FirstGameUITests.xctest */;
			productType = "com.apple.product-type.bundle.ui-testing";
		};
/* End PBXNativeTarget section */

/* Begin PBXProject section */
		96FD40CE278DC9FA00121756 /* Project object */ = {
			isa = PBXProject;
			attributes = {
				BuildIndependentTargetsInParallel = 1;
				LastSwiftUpdateCheck = 1310;
				LastUpgradeCheck = 1310;
				TargetAttributes = {
					96FD40D5278DC9FA00121756 = {
						CreatedOnToolsVersion = 13.1;
					};
					96FD40EA278DC9FF00121756 = {
						CreatedOnToolsVersion = 13.1;
						TestTargetID = 96FD40D5278DC9FA00121756;
					};
					96FD40F4278DC9FF00121756 = {
						CreatedOnToolsVersion = 13.1;
						TestTargetID = 96FD40D5278DC9FA00121756;
					};
				};
			};
			buildConfigurationList = 96FD40D1278DC9FA00121756 /* Build configuration list for PBXProject "FirstGame" */;
			compatibilityVersion = "Xcode 13.0";
			developmentRegion = en;
			hasScannedForEncodings = 0;
			knownRegions = (
				en,
				Base,
			);
			mainGroup = 96FD40CD278DC9FA00121756;
			productRefGroup = 96FD40D7278DC9FA00121756 /* Products */;
			projectDirPath = "";
			projectRoot = "";
			targets = (
				96FD40D5278DC9FA00121756 /* FirstGame */,
				96FD40EA278DC9FF00121756 /* FirstGameTests */,
				96FD40F4278DC9FF00121756 /* FirstGameUITests */,
			);
		};
/* End PBXProject section */

/* Begin PBXResourcesBuildPhase section */
		96FD40D4278DC9FA00121756 /* Resources */ = {
			isa = PBXResourcesBuildPhase;
			buildActionMask = 2147483647;
			files = (
				96FD40E6278DC9FE00121756 /* LaunchScreen.storyboard in Resources */,
				96FD40E3278DC9FE00121756 /* Assets.xcassets in Resources */,
				96FD40DF278DC9FA00121756 /* Main.storyboard in Resources */,
			);
			runOnlyForDeploymentPostprocessing = 0;
		};
		96FD40E9278DC9FF00121756 /* Resources */ = {
			isa = PBXResourcesBuildPhase;
			buildActionMask = 2147483647;
			files = (
			);
			runOnlyForDeploymentPostprocessing = 0;
		};
		96FD40F3278DC9FF00121756 /* Resources */ = {
			isa = PBXResourcesBuildPhase;
			buildActionMask = 2147483647;
			files = (
			);
			runOnlyForDeploymentPostprocessing = 0;
		};
/* End PBXResourcesBuildPhase section */

/* Begin PBXSourcesBuildPhase section */
		96FD40D2278DC9FA00121756 /* Sources */ = {
			isa = PBXSourcesBuildPhase;
			buildActionMask = 2147483647;
			files = (
				96FD40DC278DC9FA00121756 /* GameViewController.swift in Sources */,
				96FD40DA278DC9FA00121756 /* AppDelegate.swift in Sources */,
				96FD40E1278DC9FA00121756 /* Experience.rcproject in Sources */,
			);
			runOnlyForDeploymentPostprocessing = 0;
		};
		96FD40E7278DC9FF00121756 /* Sources */ = {
			isa = PBXSourcesBuildPhase;
			buildActionMask = 2147483647;
			files = (
				96FD40F0278DC9FF00121756 /* FirstGameTests.swift in Sources */,
			);
			runOnlyForDeploymentPostprocessing = 0;
		};
		96FD40F1278DC9FF00121756 /* Sources */ = {
			isa = PBXSourcesBuildPhase;
			buildActionMask = 2147483647;
			files = (
				96FD40FA278DC9FF00121756 /* FirstGameUITests.swift in Sources */,
				96FD40FC278DC9FF00121756 /* FirstGameUITestsLaunchTests.swift in Sources */,
			);
			runOnlyForDeploymentPostprocessing = 0;
		};
/* End PBXSourcesBuildPhase section */

/* Begin PBXTargetDependency section */
		96FD40ED278DC9FF00121756 /* PBXTargetDependency */ = {
			isa = PBXTargetDependency;
			target = 96FD40D5278DC9FA00121756 /* FirstGame */;
			targetProxy = 96FD40EC278DC9FF00121756 /* PBXContainerItemProxy */;
		};
		96FD40F7278DC9FF00121756 /* PBXTargetDependency */ = {
			isa = PBXTargetDependency;
			target = 96FD40D5278DC9FA00121756 /* FirstGame */;
			targetProxy = 96FD40F6278DC9FF00121756 /* PBXContainerItemProxy */;
		};
/* End PBXTargetDependency section */

/* Begin PBXVariantGroup section */
		96FD40DD278DC9FA00121756 /* Main.storyboard */ = {
			isa = PBXVariantGroup;
			children = (
				96FD40DE278DC9FA00121756 /* Base */,
			);
			name = Main.storyboard;
			sourceTree = "<group>";
		};
		96FD40E4278DC9FE00121756 /* LaunchScreen.storyboard */ = {
			isa = PBXVariantGroup;
			children = (
				96FD40E5278DC9FE00121756 /* Base */,
				96340B69278E62DA004AED40 /* en */,
			);
			name = LaunchScreen.storyboard;
			sourceTree = "<group>";
		};
/* End PBXVariantGroup section */

/* Begin XCBuildConfiguration section */
		96FD40FD278DC9FF00121756 /* Debug */ = {
			isa = XCBuildConfiguration;
			buildSettings = {
				ALWAYS_SEARCH_USER_PATHS = NO;
				CLANG_ANALYZER_NONNULL = YES;
				CLANG_ANALYZER_NUMBER_OBJECT_CONVERSION = YES_AGGRESSIVE;
				CLANG_CXX_LANGUAGE_STANDARD = "gnu++17";
				CLANG_CXX_LIBRARY = "libc++";
				CLANG_ENABLE_MODULES = YES;
				CLANG_ENABLE_OBJC_ARC = YES;
				CLANG_ENABLE_OBJC_WEAK = YES;
				CLANG_WARN_BLOCK_CAPTURE_AUTORELEASING = YES;
				CLANG_WARN_BOOL_CONVERSION = YES;
				CLANG_WARN_COMMA = YES;
				CLANG_WARN_CONSTANT_CONVERSION = YES;
				CLANG_WARN_DEPRECATED_OBJC_IMPLEMENTATIONS = YES;
				CLANG_WARN_DIRECT_OBJC_ISA_USAGE = YES_ERROR;
				CLANG_WARN_DOCUMENTATION_COMMENTS = YES;
				CLANG_WARN_EMPTY_BODY = YES;
				CLANG_WARN_ENUM_CONVERSION = YES;
				CLANG_WARN_INFINITE_RECURSION = YES;
				CLANG_WARN_INT_CONVERSION = YES;
				CLANG_WARN_NON_LITERAL_NULL_CONVERSION = YES;
				CLANG_WARN_OBJC_IMPLICIT_RETAIN_SELF = YES;
				CLANG_WARN_OBJC_LITERAL_CONVERSION = YES;
				CLANG_WARN_OBJC_ROOT_CLASS = YES_ERROR;
				CLANG_WARN_QUOTED_INCLUDE_IN_FRAMEWORK_HEADER = YES;
				CLANG_WARN_RANGE_LOOP_ANALYSIS = YES;
				CLANG_WARN_STRICT_PROTOTYPES = YES;
				CLANG_WARN_SUSPICIOUS_MOVE = YES;
				CLANG_WARN_UNGUARDED_AVAILABILITY = YES_AGGRESSIVE;
				CLANG_WARN_UNREACHABLE_CODE = YES;
				CLANG_WARN__DUPLICATE_METHOD_MATCH = YES;
				COPY_PHASE_STRIP = NO;
				DEBUG_INFORMATION_FORMAT = dwarf;
				ENABLE_STRICT_OBJC_MSGSEND = YES;
				ENABLE_TESTABILITY = YES;
				GCC_C_LANGUAGE_STANDARD = gnu11;
				GCC_DYNAMIC_NO_PIC = NO;
				GCC_NO_COMMON_BLOCKS = YES;
				GCC_OPTIMIZATION_LEVEL = 0;
				GCC_PREPROCESSOR_DEFINITIONS = (
					"DEBUG=1",
					"$(inherited)",
				);
				GCC_WARN_64_TO_32_BIT_CONVERSION = YES;
				GCC_WARN_ABOUT_RETURN_TYPE = YES_ERROR;
				GCC_WARN_UNDECLARED_SELECTOR = YES;
				GCC_WARN_UNINITIALIZED_AUTOS = YES_AGGRESSIVE;
				GCC_WARN_UNUSED_FUNCTION = YES;
				GCC_WARN_UNUSED_VARIABLE = YES;
				IPHONEOS_DEPLOYMENT_TARGET = 15.0;
				MTL_ENABLE_DEBUG_INFO = INCLUDE_SOURCE;
				MTL_FAST_MATH = YES;
				ONLY_ACTIVE_ARCH = YES;
				SDKROOT = iphoneos;
				SWIFT_ACTIVE_COMPILATION_CONDITIONS = DEBUG;
				SWIFT_OPTIMIZATION_LEVEL = "-Onone";
			};
			name = Debug;
		};
		96FD40FE278DC9FF00121756 /* Release */ = {
			isa = XCBuildConfiguration;
			buildSettings = {
				ALWAYS_SEARCH_USER_PATHS = NO;
				CLANG_ANALYZER_NONNULL = YES;
				CLANG_ANALYZER_NUMBER_OBJECT_CONVERSION = YES_AGGRESSIVE;
				CLANG_CXX_LANGUAGE_STANDARD = "gnu++17";
				CLANG_CXX_LIBRARY = "libc++";
				CLANG_ENABLE_MODULES = YES;
				CLANG_ENABLE_OBJC_ARC = YES;
				CLANG_ENABLE_OBJC_WEAK = YES;
				CLANG_WARN_BLOCK_CAPTURE_AUTORELEASING = YES;
				CLANG_WARN_BOOL_CONVERSION = YES;
				CLANG_WARN_COMMA = YES;
				CLANG_WARN_CONSTANT_CONVERSION = YES;
				CLANG_WARN_DEPRECATED_OBJC_IMPLEMENTATIONS = YES;
				CLANG_WARN_DIRECT_OBJC_ISA_USAGE = YES_ERROR;
				CLANG_WARN_DOCUMENTATION_COMMENTS = YES;
				CLANG_WARN_EMPTY_BODY = YES;
				CLANG_WARN_ENUM_CONVERSION = YES;
				CLANG_WARN_INFINITE_RECURSION = YES;
				CLANG_WARN_INT_CONVERSION = YES;
				CLANG_WARN_NON_LITERAL_NULL_CONVERSION = YES;
				CLANG_WARN_OBJC_IMPLICIT_RETAIN_SELF = YES;
				CLANG_WARN_OBJC_LITERAL_CONVERSION = YES;
				CLANG_WARN_OBJC_ROOT_CLASS = YES_ERROR;
				CLANG_WARN_QUOTED_INCLUDE_IN_FRAMEWORK_HEADER = YES;
				CLANG_WARN_RANGE_LOOP_ANALYSIS = YES;
				CLANG_WARN_STRICT_PROTOTYPES = YES;
				CLANG_WARN_SUSPICIOUS_MOVE = YES;
				CLANG_WARN_UNGUARDED_AVAILABILITY = YES_AGGRESSIVE;
				CLANG_WARN_UNREACHABLE_CODE = YES;
				CLANG_WARN__DUPLICATE_METHOD_MATCH = YES;
				COPY_PHASE_STRIP = NO;
				DEBUG_INFORMATION_FORMAT = "dwarf-with-dsym";
				ENABLE_NS_ASSERTIONS = NO;
				ENABLE_STRICT_OBJC_MSGSEND = YES;
				GCC_C_LANGUAGE_STANDARD = gnu11;
				GCC_NO_COMMON_BLOCKS = YES;
				GCC_WARN_64_TO_32_BIT_CONVERSION = YES;
				GCC_WARN_ABOUT_RETURN_TYPE = YES_ERROR;
				GCC_WARN_UNDECLARED_SELECTOR = YES;
				GCC_WARN_UNINITIALIZED_AUTOS = YES_AGGRESSIVE;
				GCC_WARN_UNUSED_FUNCTION = YES;
				GCC_WARN_UNUSED_VARIABLE = YES;
				IPHONEOS_DEPLOYMENT_TARGET = 15.0;
				MTL_ENABLE_DEBUG_INFO = NO;
				MTL_FAST_MATH = YES;
				SDKROOT = iphoneos;
				SWIFT_COMPILATION_MODE = wholemodule;
				SWIFT_OPTIMIZATION_LEVEL = "-O";
				VALIDATE_PRODUCT = YES;
			};
			name = Release;
		};
		96FD4100278DC9FF00121756 /* Debug */ = {
			isa = XCBuildConfiguration;
			buildSettings = {
				ASSETCATALOG_COMPILER_APPICON_NAME = AppIcon;
				ASSETCATALOG_COMPILER_GLOBAL_ACCENT_COLOR_NAME = AccentColor;
				CODE_SIGN_STYLE = Automatic;
				CURRENT_PROJECT_VERSION = 1;
				DEVELOPMENT_TEAM = AZ3Z359379;
				GENERATE_INFOPLIST_FILE = YES;
				INFOPLIST_FILE = FirstGame/Info.plist;
				INFOPLIST_KEY_NSCameraUsageDescription = "";
				INFOPLIST_KEY_UIApplicationSupportsIndirectInputEvents = YES;
				INFOPLIST_KEY_UILaunchStoryboardName = LaunchScreen;
				INFOPLIST_KEY_UIMainStoryboardFile = Main;
				INFOPLIST_KEY_UIRequiredDeviceCapabilities = arkit;
				INFOPLIST_KEY_UIRequiresFullScreen = YES;
				INFOPLIST_KEY_UIStatusBarHidden = YES;
				INFOPLIST_KEY_UISupportedInterfaceOrientations = UIInterfaceOrientationPortrait;
				INFOPLIST_KEY_UISupportedInterfaceOrientations_iPad = "UIInterfaceOrientationPortrait UIInterfaceOrientationPortraitUpsideDown UIInterfaceOrientationLandscapeLeft UIInterfaceOrientationLandscapeRight";
				INFOPLIST_KEY_UISupportedInterfaceOrientations_iPhone = "UIInterfaceOrientationPortrait UIInterfaceOrientationLandscapeLeft UIInterfaceOrientationLandscapeRight";
				LD_RUNPATH_SEARCH_PATHS = (
					"$(inherited)",
					"@executable_path/Frameworks",
				);
				MARKETING_VERSION = 1.0;
				PRODUCT_BUNDLE_IDENTIFIER = dhotspot.FirstGame;
				PRODUCT_NAME = "$(TARGET_NAME)";
				SWIFT_EMIT_LOC_STRINGS = YES;
				SWIFT_VERSION = 5.0;
				TARGETED_DEVICE_FAMILY = "1,2";
			};
			name = Debug;
		};
		96FD4101278DC9FF00121756 /* Release */ = {
			isa = XCBuildConfiguration;
			buildSettings = {
				ASSETCATALOG_COMPILER_APPICON_NAME = AppIcon;
				ASSETCATALOG_COMPILER_GLOBAL_ACCENT_COLOR_NAME = AccentColor;
				CODE_SIGN_STYLE = Automatic;
				CURRENT_PROJECT_VERSION = 1;
				DEVELOPMENT_TEAM = AZ3Z359379;
				GENERATE_INFOPLIST_FILE = YES;
				INFOPLIST_FILE = FirstGame/Info.plist;
				INFOPLIST_KEY_NSCameraUsageDescription = "";
				INFOPLIST_KEY_UIApplicationSupportsIndirectInputEvents = YES;
				INFOPLIST_KEY_UILaunchStoryboardName = LaunchScreen;
				INFOPLIST_KEY_UIMainStoryboardFile = Main;
				INFOPLIST_KEY_UIRequiredDeviceCapabilities = arkit;
				INFOPLIST_KEY_UIRequiresFullScreen = YES;
				INFOPLIST_KEY_UIStatusBarHidden = YES;
				INFOPLIST_KEY_UISupportedInterfaceOrientations = UIInterfaceOrientationPortrait;
				INFOPLIST_KEY_UISupportedInterfaceOrientations_iPad = "UIInterfaceOrientationPortrait UIInterfaceOrientationPortraitUpsideDown UIInterfaceOrientationLandscapeLeft UIInterfaceOrientationLandscapeRight";
				INFOPLIST_KEY_UISupportedInterfaceOrientations_iPhone = "UIInterfaceOrientationPortrait UIInterfaceOrientationLandscapeLeft UIInterfaceOrientationLandscapeRight";
				LD_RUNPATH_SEARCH_PATHS = (
					"$(inherited)",
					"@executable_path/Frameworks",
				);
				MARKETING_VERSION = 1.0;
				PRODUCT_BUNDLE_IDENTIFIER = dhotspot.FirstGame;
				PRODUCT_NAME = "$(TARGET_NAME)";
				SWIFT_EMIT_LOC_STRINGS = YES;
				SWIFT_VERSION = 5.0;
				TARGETED_DEVICE_FAMILY = "1,2";
			};
			name = Release;
		};
		96FD4103278DC9FF00121756 /* Debug */ = {
			isa = XCBuildConfiguration;
			buildSettings = {
				ALWAYS_EMBED_SWIFT_STANDARD_LIBRARIES = YES;
				BUNDLE_LOADER = "$(TEST_HOST)";
				CODE_SIGN_STYLE = Automatic;
				CURRENT_PROJECT_VERSION = 1;
				DEVELOPMENT_TEAM = AZ3Z359379;
				GENERATE_INFOPLIST_FILE = YES;
				IPHONEOS_DEPLOYMENT_TARGET = 15.0;
				LD_RUNPATH_SEARCH_PATHS = (
					"$(inherited)",
					"@executable_path/Frameworks",
					"@loader_path/Frameworks",
				);
				MARKETING_VERSION = 1.0;
				PRODUCT_BUNDLE_IDENTIFIER = dhotspot.FirstGameTests;
				PRODUCT_NAME = "$(TARGET_NAME)";
				SWIFT_EMIT_LOC_STRINGS = NO;
				SWIFT_VERSION = 5.0;
				TARGETED_DEVICE_FAMILY = "1,2";
				TEST_HOST = "$(BUILT_PRODUCTS_DIR)/FirstGame.app/FirstGame";
			};
			name = Debug;
		};
		96FD4104278DC9FF00121756 /* Release */ = {
			isa = XCBuildConfiguration;
			buildSettings = {
				ALWAYS_EMBED_SWIFT_STANDARD_LIBRARIES = YES;
				BUNDLE_LOADER = "$(TEST_HOST)";
				CODE_SIGN_STYLE = Automatic;
				CURRENT_PROJECT_VERSION = 1;
				DEVELOPMENT_TEAM = AZ3Z359379;
				GENERATE_INFOPLIST_FILE = YES;
				IPHONEOS_DEPLOYMENT_TARGET = 15.0;
				LD_RUNPATH_SEARCH_PATHS = (
					"$(inherited)",
					"@executable_path/Frameworks",
					"@loader_path/Frameworks",
				);
				MARKETING_VERSION = 1.0;
				PRODUCT_BUNDLE_IDENTIFIER = dhotspot.FirstGameTests;
				PRODUCT_NAME = "$(TARGET_NAME)";
				SWIFT_EMIT_LOC_STRINGS = NO;
				SWIFT_VERSION = 5.0;
				TARGETED_DEVICE_FAMILY = "1,2";
				TEST_HOST = "$(BUILT_PRODUCTS_DIR)/FirstGame.app/FirstGame";
			};
			name = Release;
		};
		96FD4106278DC9FF00121756 /* Debug */ = {
			isa = XCBuildConfiguration;
			buildSettings = {
				ALWAYS_EMBED_SWIFT_STANDARD_LIBRARIES = YES;
				CODE_SIGN_STYLE = Automatic;
				CURRENT_PROJECT_VERSION = 1;
				DEVELOPMENT_TEAM = AZ3Z359379;
				GENERATE_INFOPLIST_FILE = YES;
				LD_RUNPATH_SEARCH_PATHS = (
					"$(inherited)",
					"@executable_path/Frameworks",
					"@loader_path/Frameworks",
				);
				MARKETING_VERSION = 1.0;
				PRODUCT_BUNDLE_IDENTIFIER = dhotspot.FirstGameUITests;
				PRODUCT_NAME = "$(TARGET_NAME)";
				SWIFT_EMIT_LOC_STRINGS = NO;
				SWIFT_VERSION = 5.0;
				TARGETED_DEVICE_FAMILY = "1,2";
				TEST_TARGET_NAME = FirstGame;
			};
			name = Debug;
		};
		96FD4107278DC9FF00121756 /* Release */ = {
			isa = XCBuildConfiguration;
			buildSettings = {
				ALWAYS_EMBED_SWIFT_STANDARD_LIBRARIES = YES;
				CODE_SIGN_STYLE = Automatic;
				CURRENT_PROJECT_VERSION = 1;
				DEVELOPMENT_TEAM = AZ3Z359379;
				GENERATE_INFOPLIST_FILE = YES;
				LD_RUNPATH_SEARCH_PATHS = (
					"$(inherited)",
					"@executable_path/Frameworks",
					"@loader_path/Frameworks",
				);
				MARKETING_VERSION = 1.0;
				PRODUCT_BUNDLE_IDENTIFIER = dhotspot.FirstGameUITests;
				PRODUCT_NAME = "$(TARGET_NAME)";
				SWIFT_EMIT_LOC_STRINGS = NO;
				SWIFT_VERSION = 5.0;
				TARGETED_DEVICE_FAMILY = "1,2";
				TEST_TARGET_NAME = FirstGame;
			};
			name = Release;
		};
/* End XCBuildConfiguration section */

/* Begin XCConfigurationList section */
		96FD40D1278DC9FA00121756 /* Build configuration list for PBXProject "FirstGame" */ = {
			isa = XCConfigurationList;
			buildConfigurations = (
				96FD40FD278DC9FF00121756 /* Debug */,
				96FD40FE278DC9FF00121756 /* Release */,
			);
			defaultConfigurationIsVisible = 0;
			defaultConfigurationName = Release;
		};
		96FD40FF278DC9FF00121756 /* Build configuration list for PBXNativeTarget "FirstGame" */ = {
			isa = XCConfigurationList;
			buildConfigurations = (
				96FD4100278DC9FF00121756 /* Debug */,
				96FD4101278DC9FF00121756 /* Release */,
			);
			defaultConfigurationIsVisible = 0;
			defaultConfigurationName = Release;
		};
		96FD4102278DC9FF00121756 /* Build configuration list for PBXNativeTarget "FirstGameTests" */ = {
			isa = XCConfigurationList;
			buildConfigurations = (
				96FD4103278DC9FF00121756 /* Debug */,
				96FD4104278DC9FF00121756 /* Release */,
			);
			defaultConfigurationIsVisible = 0;
			defaultConfigurationName = Release;
		};
		96FD4105278DC9FF00121756 /* Build configuration list for PBXNativeTarget "FirstGameUITests" */ = {
			isa = XCConfigurationList;
			buildConfigurations = (
				96FD4106278DC9FF00121756 /* Debug */,
				96FD4107278DC9FF00121756 /* Release */,
			);
			defaultConfigurationIsVisible = 0;
			defaultConfigurationName = Release;
		};
/* End XCConfigurationList section */
	};
	rootObject = 96FD40CE278DC9FA00121756 /* Project object */;
}
